// !$*UTF8*$!
{
	archiveVersion = 1;
	classes = {
	};
	objectVersion = 56;
	objects = {

/* Begin PBXBuildFile section */
		B00E17912B8552D3003857AB /* RealityKitContent in Frameworks */ = {isa = PBXBuildFile; productRef = B00E17902B8552D3003857AB /* RealityKitContent */; };
		B00E17932B8552D3003857AB /* VinylVizApp.swift in Sources */ = {isa = PBXBuildFile; fileRef = B00E17922B8552D3003857AB /* VinylVizApp.swift */; };
		B00E17952B8552D3003857AB /* ContentView.swift in Sources */ = {isa = PBXBuildFile; fileRef = B00E17942B8552D3003857AB /* ContentView.swift */; };
		B00E179B2B8552D4003857AB /* Assets.xcassets in Resources */ = {isa = PBXBuildFile; fileRef = B00E179A2B8552D4003857AB /* Assets.xcassets */; };
		B00E179E2B8552D4003857AB /* Preview Assets.xcassets in Resources */ = {isa = PBXBuildFile; fileRef = B00E179D2B8552D4003857AB /* Preview Assets.xcassets */; };
		B00E17A92B8552D4003857AB /* VinylVizTests.swift in Sources */ = {isa = PBXBuildFile; fileRef = B00E17A82B8552D4003857AB /* VinylVizTests.swift */; };
		B04239532B85560F004C8F39 /* AudioInputMonitor.swift in Sources */ = {isa = PBXBuildFile; fileRef = B042394D2B85560F004C8F39 /* AudioInputMonitor.swift */; };
		B04239542B85560F004C8F39 /* AudioInputMonitor+Mapping.swift in Sources */ = {isa = PBXBuildFile; fileRef = B042394E2B85560F004C8F39 /* AudioInputMonitor+Mapping.swift */; };
		B04239552B85560F004C8F39 /* CloudsEffect.swift in Sources */ = {isa = PBXBuildFile; fileRef = B04239502B85560F004C8F39 /* CloudsEffect.swift */; };
		B04239562B85560F004C8F39 /* AudioEffect.swift in Sources */ = {isa = PBXBuildFile; fileRef = B04239512B85560F004C8F39 /* AudioEffect.swift */; };
		B04239572B85560F004C8F39 /* MagicEffect.swift in Sources */ = {isa = PBXBuildFile; fileRef = B04239522B85560F004C8F39 /* MagicEffect.swift */; };
		B067214D2B92B7390078F143 /* MeshResource+Contents.swift in Sources */ = {isa = PBXBuildFile; fileRef = B067214C2B92B7390078F143 /* MeshResource+Contents.swift */; };
		B067214F2B92B7770078F143 /* GeometryElement+Utils.swift in Sources */ = {isa = PBXBuildFile; fileRef = B067214E2B92B7770078F143 /* GeometryElement+Utils.swift */; };
		B06721512B92B7BE0078F143 /* GeometrySource+Utils.swift in Sources */ = {isa = PBXBuildFile; fileRef = B06721502B92B7BE0078F143 /* GeometrySource+Utils.swift */; };
		B06721532B92B9710078F143 /* SessionManager+PlaneDetection.swift in Sources */ = {isa = PBXBuildFile; fileRef = B06721522B92B9710078F143 /* SessionManager+PlaneDetection.swift */; };
		B06721552B92B98A0078F143 /* SessionManager+SceneReconstruction.swift in Sources */ = {isa = PBXBuildFile; fileRef = B06721542B92B98A0078F143 /* SessionManager+SceneReconstruction.swift */; };
		B0A2DD162B877B4C0032FBE0 /* AudioReactiveView.swift in Sources */ = {isa = PBXBuildFile; fileRef = B0A2DD152B877B4C0032FBE0 /* AudioReactiveView.swift */; };
		B0EE24262B911A99001AD834 /* SessionManager.swift in Sources */ = {isa = PBXBuildFile; fileRef = B0EE24252B911A99001AD834 /* SessionManager.swift */; };
/* End PBXBuildFile section */

/* Begin PBXContainerItemProxy section */
		B00E17A52B8552D4003857AB /* PBXContainerItemProxy */ = {
			isa = PBXContainerItemProxy;
			containerPortal = B00E17832B8552D3003857AB /* Project object */;
			proxyType = 1;
			remoteGlobalIDString = B00E178A2B8552D3003857AB;
			remoteInfo = VinylViz;
		};
/* End PBXContainerItemProxy section */

/* Begin PBXFileReference section */
		B00E178B2B8552D3003857AB /* VinylViz.app */ = {isa = PBXFileReference; explicitFileType = wrapper.application; includeInIndex = 0; path = VinylViz.app; sourceTree = BUILT_PRODUCTS_DIR; };
		B00E178F2B8552D3003857AB /* RealityKitContent */ = {isa = PBXFileReference; lastKnownFileType = wrapper; path = RealityKitContent; sourceTree = "<group>"; };
		B00E17922B8552D3003857AB /* VinylVizApp.swift */ = {isa = PBXFileReference; lastKnownFileType = sourcecode.swift; path = VinylVizApp.swift; sourceTree = "<group>"; };
		B00E17942B8552D3003857AB /* ContentView.swift */ = {isa = PBXFileReference; lastKnownFileType = sourcecode.swift; path = ContentView.swift; sourceTree = "<group>"; };
		B00E179A2B8552D4003857AB /* Assets.xcassets */ = {isa = PBXFileReference; lastKnownFileType = folder.assetcatalog; path = Assets.xcassets; sourceTree = "<group>"; };
		B00E179D2B8552D4003857AB /* Preview Assets.xcassets */ = {isa = PBXFileReference; lastKnownFileType = folder.assetcatalog; path = "Preview Assets.xcassets"; sourceTree = "<group>"; };
		B00E179F2B8552D4003857AB /* Info.plist */ = {isa = PBXFileReference; lastKnownFileType = text.plist.xml; path = Info.plist; sourceTree = "<group>"; };
		B00E17A42B8552D4003857AB /* VinylVizTests.xctest */ = {isa = PBXFileReference; explicitFileType = wrapper.cfbundle; includeInIndex = 0; path = VinylVizTests.xctest; sourceTree = BUILT_PRODUCTS_DIR; };
		B00E17A82B8552D4003857AB /* VinylVizTests.swift */ = {isa = PBXFileReference; lastKnownFileType = sourcecode.swift; path = VinylVizTests.swift; sourceTree = "<group>"; };
		B042394D2B85560F004C8F39 /* AudioInputMonitor.swift */ = {isa = PBXFileReference; fileEncoding = 4; lastKnownFileType = sourcecode.swift; path = AudioInputMonitor.swift; sourceTree = "<group>"; };
		B042394E2B85560F004C8F39 /* AudioInputMonitor+Mapping.swift */ = {isa = PBXFileReference; fileEncoding = 4; lastKnownFileType = sourcecode.swift; path = "AudioInputMonitor+Mapping.swift"; sourceTree = "<group>"; };
		B04239502B85560F004C8F39 /* CloudsEffect.swift */ = {isa = PBXFileReference; fileEncoding = 4; lastKnownFileType = sourcecode.swift; path = CloudsEffect.swift; sourceTree = "<group>"; };
		B04239512B85560F004C8F39 /* AudioEffect.swift */ = {isa = PBXFileReference; fileEncoding = 4; lastKnownFileType = sourcecode.swift; path = AudioEffect.swift; sourceTree = "<group>"; };
		B04239522B85560F004C8F39 /* MagicEffect.swift */ = {isa = PBXFileReference; fileEncoding = 4; lastKnownFileType = sourcecode.swift; path = MagicEffect.swift; sourceTree = "<group>"; };
		B067214C2B92B7390078F143 /* MeshResource+Contents.swift */ = {isa = PBXFileReference; lastKnownFileType = sourcecode.swift; path = "MeshResource+Contents.swift"; sourceTree = "<group>"; };
		B067214E2B92B7770078F143 /* GeometryElement+Utils.swift */ = {isa = PBXFileReference; lastKnownFileType = sourcecode.swift; path = "GeometryElement+Utils.swift"; sourceTree = "<group>"; };
		B06721502B92B7BE0078F143 /* GeometrySource+Utils.swift */ = {isa = PBXFileReference; lastKnownFileType = sourcecode.swift; path = "GeometrySource+Utils.swift"; sourceTree = "<group>"; };
		B06721522B92B9710078F143 /* SessionManager+PlaneDetection.swift */ = {isa = PBXFileReference; lastKnownFileType = sourcecode.swift; path = "SessionManager+PlaneDetection.swift"; sourceTree = "<group>"; };
		B06721542B92B98A0078F143 /* SessionManager+SceneReconstruction.swift */ = {isa = PBXFileReference; lastKnownFileType = sourcecode.swift; path = "SessionManager+SceneReconstruction.swift"; sourceTree = "<group>"; };
		B0A2DD152B877B4C0032FBE0 /* AudioReactiveView.swift */ = {isa = PBXFileReference; lastKnownFileType = sourcecode.swift; path = AudioReactiveView.swift; sourceTree = "<group>"; };
		B0EE24252B911A99001AD834 /* SessionManager.swift */ = {isa = PBXFileReference; lastKnownFileType = sourcecode.swift; path = SessionManager.swift; sourceTree = "<group>"; };
/* End PBXFileReference section */

/* Begin PBXFrameworksBuildPhase section */
		B00E17882B8552D3003857AB /* Frameworks */ = {
			isa = PBXFrameworksBuildPhase;
			buildActionMask = 2147483647;
			files = (
				B00E17912B8552D3003857AB /* RealityKitContent in Frameworks */,
			);
			runOnlyForDeploymentPostprocessing = 0;
		};
		B00E17A12B8552D4003857AB /* Frameworks */ = {
			isa = PBXFrameworksBuildPhase;
			buildActionMask = 2147483647;
			files = (
			);
			runOnlyForDeploymentPostprocessing = 0;
		};
/* End PBXFrameworksBuildPhase section */

/* Begin PBXGroup section */
		B00E17822B8552D3003857AB = {
			isa = PBXGroup;
			children = (
				B00E178D2B8552D3003857AB /* VinylViz */,
				B00E178E2B8552D3003857AB /* Packages */,
				B00E17A72B8552D4003857AB /* VinylVizTests */,
				B00E178C2B8552D3003857AB /* Products */,
			);
			sourceTree = "<group>";
		};
		B00E178C2B8552D3003857AB /* Products */ = {
			isa = PBXGroup;
			children = (
				B00E178B2B8552D3003857AB /* VinylViz.app */,
				B00E17A42B8552D4003857AB /* VinylVizTests.xctest */,
			);
			name = Products;
			sourceTree = "<group>";
		};
		B00E178D2B8552D3003857AB /* VinylViz */ = {
			isa = PBXGroup;
			children = (
				B067214B2B92B7220078F143 /* Extensions */,
				B0EE24242B911A78001AD834 /* Models */,
				B0A2DD142B877B260032FBE0 /* RealityViews */,
				B042394C2B85560F004C8F39 /* Audio */,
				B042394F2B85560F004C8F39 /* Effects */,
				B00E17922B8552D3003857AB /* VinylVizApp.swift */,
				B00E17942B8552D3003857AB /* ContentView.swift */,
				B00E179A2B8552D4003857AB /* Assets.xcassets */,
				B00E179F2B8552D4003857AB /* Info.plist */,
				B00E179C2B8552D4003857AB /* Preview Content */,
			);
			path = VinylViz;
			sourceTree = "<group>";
		};
		B00E178E2B8552D3003857AB /* Packages */ = {
			isa = PBXGroup;
			children = (
				B00E178F2B8552D3003857AB /* RealityKitContent */,
			);
			path = Packages;
			sourceTree = "<group>";
		};
		B00E179C2B8552D4003857AB /* Preview Content */ = {
			isa = PBXGroup;
			children = (
				B00E179D2B8552D4003857AB /* Preview Assets.xcassets */,
			);
			path = "Preview Content";
			sourceTree = "<group>";
		};
		B00E17A72B8552D4003857AB /* VinylVizTests */ = {
			isa = PBXGroup;
			children = (
				B00E17A82B8552D4003857AB /* VinylVizTests.swift */,
			);
			path = VinylVizTests;
			sourceTree = "<group>";
		};
		B042394C2B85560F004C8F39 /* Audio */ = {
			isa = PBXGroup;
			children = (
				B042394D2B85560F004C8F39 /* AudioInputMonitor.swift */,
				B042394E2B85560F004C8F39 /* AudioInputMonitor+Mapping.swift */,
			);
			path = Audio;
			sourceTree = "<group>";
		};
		B042394F2B85560F004C8F39 /* Effects */ = {
			isa = PBXGroup;
			children = (
				B04239502B85560F004C8F39 /* CloudsEffect.swift */,
				B04239512B85560F004C8F39 /* AudioEffect.swift */,
				B04239522B85560F004C8F39 /* MagicEffect.swift */,
			);
			path = Effects;
			sourceTree = "<group>";
		};
		B067214B2B92B7220078F143 /* Extensions */ = {
			isa = PBXGroup;
			children = (
				B067214C2B92B7390078F143 /* MeshResource+Contents.swift */,
				B067214E2B92B7770078F143 /* GeometryElement+Utils.swift */,
				B06721502B92B7BE0078F143 /* GeometrySource+Utils.swift */,
			);
			path = Extensions;
			sourceTree = "<group>";
		};
		B0A2DD142B877B260032FBE0 /* RealityViews */ = {
			isa = PBXGroup;
			children = (
				B0A2DD152B877B4C0032FBE0 /* AudioReactiveView.swift */,
			);
			path = RealityViews;
			sourceTree = "<group>";
		};
		B0EE24242B911A78001AD834 /* Models */ = {
			isa = PBXGroup;
			children = (
				B0EE24252B911A99001AD834 /* SessionManager.swift */,
				B06721522B92B9710078F143 /* SessionManager+PlaneDetection.swift */,
				B06721542B92B98A0078F143 /* SessionManager+SceneReconstruction.swift */,
			);
			path = Models;
			sourceTree = "<group>";
		};
/* End PBXGroup section */

/* Begin PBXNativeTarget section */
		B00E178A2B8552D3003857AB /* VinylViz */ = {
			isa = PBXNativeTarget;
			buildConfigurationList = B00E17AC2B8552D4003857AB /* Build configuration list for PBXNativeTarget "VinylViz" */;
			buildPhases = (
				B00E17872B8552D3003857AB /* Sources */,
				B00E17882B8552D3003857AB /* Frameworks */,
				B00E17892B8552D3003857AB /* Resources */,
			);
			buildRules = (
			);
			dependencies = (
			);
			name = VinylViz;
			packageProductDependencies = (
				B00E17902B8552D3003857AB /* RealityKitContent */,
			);
			productName = VinylViz;
			productReference = B00E178B2B8552D3003857AB /* VinylViz.app */;
			productType = "com.apple.product-type.application";
		};
		B00E17A32B8552D4003857AB /* VinylVizTests */ = {
			isa = PBXNativeTarget;
			buildConfigurationList = B00E17AF2B8552D4003857AB /* Build configuration list for PBXNativeTarget "VinylVizTests" */;
			buildPhases = (
				B00E17A02B8552D4003857AB /* Sources */,
				B00E17A12B8552D4003857AB /* Frameworks */,
				B00E17A22B8552D4003857AB /* Resources */,
			);
			buildRules = (
			);
			dependencies = (
				B00E17A62B8552D4003857AB /* PBXTargetDependency */,
			);
			name = VinylVizTests;
			productName = VinylVizTests;
			productReference = B00E17A42B8552D4003857AB /* VinylVizTests.xctest */;
			productType = "com.apple.product-type.bundle.unit-test";
		};
/* End PBXNativeTarget section */

/* Begin PBXProject section */
		B00E17832B8552D3003857AB /* Project object */ = {
			isa = PBXProject;
			attributes = {
				BuildIndependentTargetsInParallel = 1;
				LastSwiftUpdateCheck = 1520;
				LastUpgradeCheck = 1520;
				TargetAttributes = {
					B00E178A2B8552D3003857AB = {
						CreatedOnToolsVersion = 15.2;
					};
					B00E17A32B8552D4003857AB = {
						CreatedOnToolsVersion = 15.2;
						TestTargetID = B00E178A2B8552D3003857AB;
					};
				};
			};
			buildConfigurationList = B00E17862B8552D3003857AB /* Build configuration list for PBXProject "VinylViz" */;
			compatibilityVersion = "Xcode 14.0";
			developmentRegion = en;
			hasScannedForEncodings = 0;
			knownRegions = (
				en,
				Base,
			);
			mainGroup = B00E17822B8552D3003857AB;
			productRefGroup = B00E178C2B8552D3003857AB /* Products */;
			projectDirPath = "";
			projectRoot = "";
			targets = (
				B00E178A2B8552D3003857AB /* VinylViz */,
				B00E17A32B8552D4003857AB /* VinylVizTests */,
			);
		};
/* End PBXProject section */

/* Begin PBXResourcesBuildPhase section */
		B00E17892B8552D3003857AB /* Resources */ = {
			isa = PBXResourcesBuildPhase;
			buildActionMask = 2147483647;
			files = (
				B00E179B2B8552D4003857AB /* Assets.xcassets in Resources */,
				B00E179E2B8552D4003857AB /* Preview Assets.xcassets in Resources */,
			);
			runOnlyForDeploymentPostprocessing = 0;
		};
		B00E17A22B8552D4003857AB /* Resources */ = {
			isa = PBXResourcesBuildPhase;
			buildActionMask = 2147483647;
			files = (
			);
			runOnlyForDeploymentPostprocessing = 0;
		};
/* End PBXResourcesBuildPhase section */

/* Begin PBXSourcesBuildPhase section */
		B00E17872B8552D3003857AB /* Sources */ = {
			isa = PBXSourcesBuildPhase;
			buildActionMask = 2147483647;
			files = (
				B067214D2B92B7390078F143 /* MeshResource+Contents.swift in Sources */,
				B04239552B85560F004C8F39 /* CloudsEffect.swift in Sources */,
				B06721532B92B9710078F143 /* SessionManager+PlaneDetection.swift in Sources */,
				B04239532B85560F004C8F39 /* AudioInputMonitor.swift in Sources */,
				B0A2DD162B877B4C0032FBE0 /* AudioReactiveView.swift in Sources */,
				B0EE24262B911A99001AD834 /* SessionManager.swift in Sources */,
				B067214F2B92B7770078F143 /* GeometryElement+Utils.swift in Sources */,
				B04239572B85560F004C8F39 /* MagicEffect.swift in Sources */,
				B00E17952B8552D3003857AB /* ContentView.swift in Sources */,
				B04239562B85560F004C8F39 /* AudioEffect.swift in Sources */,
				B00E17932B8552D3003857AB /* VinylVizApp.swift in Sources */,
				B06721512B92B7BE0078F143 /* GeometrySource+Utils.swift in Sources */,
				B04239542B85560F004C8F39 /* AudioInputMonitor+Mapping.swift in Sources */,
				B06721552B92B98A0078F143 /* SessionManager+SceneReconstruction.swift in Sources */,
			);
			runOnlyForDeploymentPostprocessing = 0;
		};
		B00E17A02B8552D4003857AB /* Sources */ = {
			isa = PBXSourcesBuildPhase;
			buildActionMask = 2147483647;
			files = (
				B00E17A92B8552D4003857AB /* VinylVizTests.swift in Sources */,
			);
			runOnlyForDeploymentPostprocessing = 0;
		};
/* End PBXSourcesBuildPhase section */

/* Begin PBXTargetDependency section */
		B00E17A62B8552D4003857AB /* PBXTargetDependency */ = {
			isa = PBXTargetDependency;
			target = B00E178A2B8552D3003857AB /* VinylViz */;
			targetProxy = B00E17A52B8552D4003857AB /* PBXContainerItemProxy */;
		};
/* End PBXTargetDependency section */

/* Begin XCBuildConfiguration section */
		B00E17AA2B8552D4003857AB /* Debug */ = {
			isa = XCBuildConfiguration;
			buildSettings = {
				ALWAYS_SEARCH_USER_PATHS = NO;
				ASSETCATALOG_COMPILER_GENERATE_SWIFT_ASSET_SYMBOL_EXTENSIONS = YES;
				CLANG_ANALYZER_NONNULL = YES;
				CLANG_ANALYZER_NUMBER_OBJECT_CONVERSION = YES_AGGRESSIVE;
				CLANG_CXX_LANGUAGE_STANDARD = "gnu++20";
				CLANG_ENABLE_MODULES = YES;
				CLANG_ENABLE_OBJC_ARC = YES;
				CLANG_ENABLE_OBJC_WEAK = YES;
				CLANG_WARN_BLOCK_CAPTURE_AUTORELEASING = YES;
				CLANG_WARN_BOOL_CONVERSION = YES;
				CLANG_WARN_COMMA = YES;
				CLANG_WARN_CONSTANT_CONVERSION = YES;
				CLANG_WARN_DEPRECATED_OBJC_IMPLEMENTATIONS = YES;
				CLANG_WARN_DIRECT_OBJC_ISA_USAGE = YES_ERROR;
				CLANG_WARN_DOCUMENTATION_COMMENTS = YES;
				CLANG_WARN_EMPTY_BODY = YES;
				CLANG_WARN_ENUM_CONVERSION = YES;
				CLANG_WARN_INFINITE_RECURSION = YES;
				CLANG_WARN_INT_CONVERSION = YES;
				CLANG_WARN_NON_LITERAL_NULL_CONVERSION = YES;
				CLANG_WARN_OBJC_IMPLICIT_RETAIN_SELF = YES;
				CLANG_WARN_OBJC_LITERAL_CONVERSION = YES;
				CLANG_WARN_OBJC_ROOT_CLASS = YES_ERROR;
				CLANG_WARN_QUOTED_INCLUDE_IN_FRAMEWORK_HEADER = YES;
				CLANG_WARN_RANGE_LOOP_ANALYSIS = YES;
				CLANG_WARN_STRICT_PROTOTYPES = YES;
				CLANG_WARN_SUSPICIOUS_MOVE = YES;
				CLANG_WARN_UNGUARDED_AVAILABILITY = YES_AGGRESSIVE;
				CLANG_WARN_UNREACHABLE_CODE = YES;
				CLANG_WARN__DUPLICATE_METHOD_MATCH = YES;
				COPY_PHASE_STRIP = NO;
				DEBUG_INFORMATION_FORMAT = dwarf;
				ENABLE_STRICT_OBJC_MSGSEND = YES;
				ENABLE_TESTABILITY = YES;
				ENABLE_USER_SCRIPT_SANDBOXING = YES;
				GCC_C_LANGUAGE_STANDARD = gnu17;
				GCC_DYNAMIC_NO_PIC = NO;
				GCC_NO_COMMON_BLOCKS = YES;
				GCC_OPTIMIZATION_LEVEL = 0;
				GCC_PREPROCESSOR_DEFINITIONS = (
					"DEBUG=1",
					"$(inherited)",
				);
				GCC_WARN_64_TO_32_BIT_CONVERSION = YES;
				GCC_WARN_ABOUT_RETURN_TYPE = YES_ERROR;
				GCC_WARN_UNDECLARED_SELECTOR = YES;
				GCC_WARN_UNINITIALIZED_AUTOS = YES_AGGRESSIVE;
				GCC_WARN_UNUSED_FUNCTION = YES;
				GCC_WARN_UNUSED_VARIABLE = YES;
				LOCALIZATION_PREFERS_STRING_CATALOGS = YES;
				MTL_ENABLE_DEBUG_INFO = INCLUDE_SOURCE;
				MTL_FAST_MATH = YES;
				ONLY_ACTIVE_ARCH = YES;
				SDKROOT = xros;
				SWIFT_ACTIVE_COMPILATION_CONDITIONS = "DEBUG $(inherited)";
				SWIFT_OPTIMIZATION_LEVEL = "-Onone";
				XROS_DEPLOYMENT_TARGET = 1.0;
			};
			name = Debug;
		};
		B00E17AB2B8552D4003857AB /* Release */ = {
			isa = XCBuildConfiguration;
			buildSettings = {
				ALWAYS_SEARCH_USER_PATHS = NO;
				ASSETCATALOG_COMPILER_GENERATE_SWIFT_ASSET_SYMBOL_EXTENSIONS = YES;
				CLANG_ANALYZER_NONNULL = YES;
				CLANG_ANALYZER_NUMBER_OBJECT_CONVERSION = YES_AGGRESSIVE;
				CLANG_CXX_LANGUAGE_STANDARD = "gnu++20";
				CLANG_ENABLE_MODULES = YES;
				CLANG_ENABLE_OBJC_ARC = YES;
				CLANG_ENABLE_OBJC_WEAK = YES;
				CLANG_WARN_BLOCK_CAPTURE_AUTORELEASING = YES;
				CLANG_WARN_BOOL_CONVERSION = YES;
				CLANG_WARN_COMMA = YES;
				CLANG_WARN_CONSTANT_CONVERSION = YES;
				CLANG_WARN_DEPRECATED_OBJC_IMPLEMENTATIONS = YES;
				CLANG_WARN_DIRECT_OBJC_ISA_USAGE = YES_ERROR;
				CLANG_WARN_DOCUMENTATION_COMMENTS = YES;
				CLANG_WARN_EMPTY_BODY = YES;
				CLANG_WARN_ENUM_CONVERSION = YES;
				CLANG_WARN_INFINITE_RECURSION = YES;
				CLANG_WARN_INT_CONVERSION = YES;
				CLANG_WARN_NON_LITERAL_NULL_CONVERSION = YES;
				CLANG_WARN_OBJC_IMPLICIT_RETAIN_SELF = YES;
				CLANG_WARN_OBJC_LITERAL_CONVERSION = YES;
				CLANG_WARN_OBJC_ROOT_CLASS = YES_ERROR;
				CLANG_WARN_QUOTED_INCLUDE_IN_FRAMEWORK_HEADER = YES;
				CLANG_WARN_RANGE_LOOP_ANALYSIS = YES;
				CLANG_WARN_STRICT_PROTOTYPES = YES;
				CLANG_WARN_SUSPICIOUS_MOVE = YES;
				CLANG_WARN_UNGUARDED_AVAILABILITY = YES_AGGRESSIVE;
				CLANG_WARN_UNREACHABLE_CODE = YES;
				CLANG_WARN__DUPLICATE_METHOD_MATCH = YES;
				COPY_PHASE_STRIP = NO;
				DEBUG_INFORMATION_FORMAT = "dwarf-with-dsym";
				ENABLE_NS_ASSERTIONS = NO;
				ENABLE_STRICT_OBJC_MSGSEND = YES;
				ENABLE_USER_SCRIPT_SANDBOXING = YES;
				GCC_C_LANGUAGE_STANDARD = gnu17;
				GCC_NO_COMMON_BLOCKS = YES;
				GCC_WARN_64_TO_32_BIT_CONVERSION = YES;
				GCC_WARN_ABOUT_RETURN_TYPE = YES_ERROR;
				GCC_WARN_UNDECLARED_SELECTOR = YES;
				GCC_WARN_UNINITIALIZED_AUTOS = YES_AGGRESSIVE;
				GCC_WARN_UNUSED_FUNCTION = YES;
				GCC_WARN_UNUSED_VARIABLE = YES;
				LOCALIZATION_PREFERS_STRING_CATALOGS = YES;
				MTL_ENABLE_DEBUG_INFO = NO;
				MTL_FAST_MATH = YES;
				SDKROOT = xros;
				SWIFT_COMPILATION_MODE = wholemodule;
				VALIDATE_PRODUCT = YES;
				XROS_DEPLOYMENT_TARGET = 1.0;
			};
			name = Release;
		};
		B00E17AD2B8552D4003857AB /* Debug */ = {
			isa = XCBuildConfiguration;
			buildSettings = {
				ASSETCATALOG_COMPILER_APPICON_NAME = AppIcon;
				ASSETCATALOG_COMPILER_GLOBAL_ACCENT_COLOR_NAME = AccentColor;
				CODE_SIGN_STYLE = Automatic;
				CURRENT_PROJECT_VERSION = 1;
				DEVELOPMENT_ASSET_PATHS = "\"VinylViz/Preview Content\"";
				DEVELOPMENT_TEAM = U3FNBSFU75;
				ENABLE_PREVIEWS = YES;
				GENERATE_INFOPLIST_FILE = YES;
				INFOPLIST_FILE = "$(TARGET_NAME)/Info.plist";
				INFOPLIST_KEY_NSMicrophoneUsageDescription = "We use the microphone to visualize incoming audio";
				LD_RUNPATH_SEARCH_PATHS = (
					"$(inherited)",
					"@executable_path/Frameworks",
				);
				MARKETING_VERSION = 1.0;
				PRODUCT_BUNDLE_IDENTIFIER = com.saygoodnight.VinylViz;
				PRODUCT_NAME = "$(TARGET_NAME)";
				SUPPORTED_PLATFORMS = "xros xrsimulator";
				SWIFT_EMIT_LOC_STRINGS = YES;
				SWIFT_VERSION = 5.0;
				TARGETED_DEVICE_FAMILY = "1,2,7";
			};
			name = Debug;
		};
		B00E17AE2B8552D4003857AB /* Release */ = {
			isa = XCBuildConfiguration;
			buildSettings = {
				ASSETCATALOG_COMPILER_APPICON_NAME = AppIcon;
				ASSETCATALOG_COMPILER_GLOBAL_ACCENT_COLOR_NAME = AccentColor;
				CODE_SIGN_STYLE = Automatic;
				CURRENT_PROJECT_VERSION = 1;
				DEVELOPMENT_ASSET_PATHS = "\"VinylViz/Preview Content\"";
				DEVELOPMENT_TEAM = U3FNBSFU75;
				ENABLE_PREVIEWS = YES;
				GENERATE_INFOPLIST_FILE = YES;
				INFOPLIST_FILE = "$(TARGET_NAME)/Info.plist";
				INFOPLIST_KEY_NSMicrophoneUsageDescription = "We use the microphone to visualize incoming audio";
				LD_RUNPATH_SEARCH_PATHS = (
					"$(inherited)",
					"@executable_path/Frameworks",
				);
				MARKETING_VERSION = 1.0;
				PRODUCT_BUNDLE_IDENTIFIER = com.saygoodnight.VinylViz;
				PRODUCT_NAME = "$(TARGET_NAME)";
				SUPPORTED_PLATFORMS = "xros xrsimulator";
				SWIFT_EMIT_LOC_STRINGS = YES;
				SWIFT_VERSION = 5.0;
				TARGETED_DEVICE_FAMILY = "1,2,7";
			};
			name = Release;
		};
		B00E17B02B8552D4003857AB /* Debug */ = {
			isa = XCBuildConfiguration;
			buildSettings = {
				ALWAYS_EMBED_SWIFT_STANDARD_LIBRARIES = YES;
				BUNDLE_LOADER = "$(TEST_HOST)";
				CODE_SIGN_STYLE = Automatic;
				CURRENT_PROJECT_VERSION = 1;
				DEVELOPMENT_TEAM = U3FNBSFU75;
				GENERATE_INFOPLIST_FILE = YES;
				MARKETING_VERSION = 1.0;
				PRODUCT_BUNDLE_IDENTIFIER = com.saygoodnight.VinylVizTests;
				PRODUCT_NAME = "$(TARGET_NAME)";
				SUPPORTED_PLATFORMS = "xros xrsimulator";
				SWIFT_EMIT_LOC_STRINGS = NO;
				SWIFT_VERSION = 5.0;
				TARGETED_DEVICE_FAMILY = "1,2,7";
				TEST_HOST = "$(BUILT_PRODUCTS_DIR)/VinylViz.app/$(BUNDLE_EXECUTABLE_FOLDER_PATH)/VinylViz";
				XROS_DEPLOYMENT_TARGET = 1.0;
			};
			name = Debug;
		};
		B00E17B12B8552D4003857AB /* Release */ = {
			isa = XCBuildConfiguration;
			buildSettings = {
				ALWAYS_EMBED_SWIFT_STANDARD_LIBRARIES = YES;
				BUNDLE_LOADER = "$(TEST_HOST)";
				CODE_SIGN_STYLE = Automatic;
				CURRENT_PROJECT_VERSION = 1;
				DEVELOPMENT_TEAM = U3FNBSFU75;
				GENERATE_INFOPLIST_FILE = YES;
				MARKETING_VERSION = 1.0;
				PRODUCT_BUNDLE_IDENTIFIER = com.saygoodnight.VinylVizTests;
				PRODUCT_NAME = "$(TARGET_NAME)";
				SUPPORTED_PLATFORMS = "xros xrsimulator";
				SWIFT_EMIT_LOC_STRINGS = NO;
				SWIFT_VERSION = 5.0;
				TARGETED_DEVICE_FAMILY = "1,2,7";
				TEST_HOST = "$(BUILT_PRODUCTS_DIR)/VinylViz.app/$(BUNDLE_EXECUTABLE_FOLDER_PATH)/VinylViz";
				XROS_DEPLOYMENT_TARGET = 1.0;
			};
			name = Release;
		};
/* End XCBuildConfiguration section */

/* Begin XCConfigurationList section */
		B00E17862B8552D3003857AB /* Build configuration list for PBXProject "VinylViz" */ = {
			isa = XCConfigurationList;
			buildConfigurations = (
				B00E17AA2B8552D4003857AB /* Debug */,
				B00E17AB2B8552D4003857AB /* Release */,
			);
			defaultConfigurationIsVisible = 0;
			defaultConfigurationName = Release;
		};
		B00E17AC2B8552D4003857AB /* Build configuration list for PBXNativeTarget "VinylViz" */ = {
			isa = XCConfigurationList;
			buildConfigurations = (
				B00E17AD2B8552D4003857AB /* Debug */,
				B00E17AE2B8552D4003857AB /* Release */,
			);
			defaultConfigurationIsVisible = 0;
			defaultConfigurationName = Release;
		};
		B00E17AF2B8552D4003857AB /* Build configuration list for PBXNativeTarget "VinylVizTests" */ = {
			isa = XCConfigurationList;
			buildConfigurations = (
				B00E17B02B8552D4003857AB /* Debug */,
				B00E17B12B8552D4003857AB /* Release */,
			);
			defaultConfigurationIsVisible = 0;
			defaultConfigurationName = Release;
		};
/* End XCConfigurationList section */

/* Begin XCSwiftPackageProductDependency section */
		B00E17902B8552D3003857AB /* RealityKitContent */ = {
			isa = XCSwiftPackageProductDependency;
			productName = RealityKitContent;
		};
/* End XCSwiftPackageProductDependency section */
	};
	rootObject = B00E17832B8552D3003857AB /* Project object */;
}
